// !$*UTF8*$!
{
	archiveVersion = 1;
	classes = {
	};
	objectVersion = 56;
	objects = {

/* Begin PBXBuildFile section */
		522E4B3E2BFC5D7E0045C27D /* AppDelegate.swift in Sources */ = {isa = PBXBuildFile; fileRef = 522E4B3D2BFC5D7E0045C27D /* AppDelegate.swift */; };
		522E4B402BFC5D7E0045C27D /* SceneDelegate.swift in Sources */ = {isa = PBXBuildFile; fileRef = 522E4B3F2BFC5D7E0045C27D /* SceneDelegate.swift */; };
		522E4B422BFC5D7E0045C27D /* ViewController.swift in Sources */ = {isa = PBXBuildFile; fileRef = 522E4B412BFC5D7E0045C27D /* ViewController.swift */; };
		522E4B472BFC5D800045C27D /* Assets.xcassets in Resources */ = {isa = PBXBuildFile; fileRef = 522E4B462BFC5D800045C27D /* Assets.xcassets */; };
		522E4B4A2BFC5D800045C27D /* LaunchScreen.storyboard in Resources */ = {isa = PBXBuildFile; fileRef = 522E4B482BFC5D800045C27D /* LaunchScreen.storyboard */; };
		522E4B552BFC5D800045C27D /* Programmatic_UITests.swift in Sources */ = {isa = PBXBuildFile; fileRef = 522E4B542BFC5D800045C27D /* Programmatic_UITests.swift */; };
		522E4B5F2BFC5D800045C27D /* Programmatic_UIUITests.swift in Sources */ = {isa = PBXBuildFile; fileRef = 522E4B5E2BFC5D800045C27D /* Programmatic_UIUITests.swift */; };
		522E4B612BFC5D800045C27D /* Programmatic_UIUITestsLaunchTests.swift in Sources */ = {isa = PBXBuildFile; fileRef = 522E4B602BFC5D800045C27D /* Programmatic_UIUITestsLaunchTests.swift */; };
/* End PBXBuildFile section */

/* Begin PBXContainerItemProxy section */
		522E4B512BFC5D800045C27D /* PBXContainerItemProxy */ = {
			isa = PBXContainerItemProxy;
			containerPortal = 522E4B322BFC5D7E0045C27D /* Project object */;
			proxyType = 1;
			remoteGlobalIDString = 522E4B392BFC5D7E0045C27D;
			remoteInfo = "Programmatic-UI";
		};
		522E4B5B2BFC5D800045C27D /* PBXContainerItemProxy */ = {
			isa = PBXContainerItemProxy;
			containerPortal = 522E4B322BFC5D7E0045C27D /* Project object */;
			proxyType = 1;
			remoteGlobalIDString = 522E4B392BFC5D7E0045C27D;
			remoteInfo = "Programmatic-UI";
		};
/* End PBXContainerItemProxy section */

/* Begin PBXFileReference section */
		522E4B3A2BFC5D7E0045C27D /* Programmatic-UI.app */ = {isa = PBXFileReference; explicitFileType = wrapper.application; includeInIndex = 0; path = "Programmatic-UI.app"; sourceTree = BUILT_PRODUCTS_DIR; };
		522E4B3D2BFC5D7E0045C27D /* AppDelegate.swift */ = {isa = PBXFileReference; lastKnownFileType = sourcecode.swift; path = AppDelegate.swift; sourceTree = "<group>"; };
		522E4B3F2BFC5D7E0045C27D /* SceneDelegate.swift */ = {isa = PBXFileReference; lastKnownFileType = sourcecode.swift; path = SceneDelegate.swift; sourceTree = "<group>"; };
		522E4B412BFC5D7E0045C27D /* ViewController.swift */ = {isa = PBXFileReference; lastKnownFileType = sourcecode.swift; path = ViewController.swift; sourceTree = "<group>"; };
		522E4B462BFC5D800045C27D /* Assets.xcassets */ = {isa = PBXFileReference; lastKnownFileType = folder.assetcatalog; path = Assets.xcassets; sourceTree = "<group>"; };
		522E4B492BFC5D800045C27D /* Base */ = {isa = PBXFileReference; lastKnownFileType = file.storyboard; name = Base; path = Base.lproj/LaunchScreen.storyboard; sourceTree = "<group>"; };
		522E4B4B2BFC5D800045C27D /* Info.plist */ = {isa = PBXFileReference; lastKnownFileType = text.plist.xml; path = Info.plist; sourceTree = "<group>"; };
		522E4B502BFC5D800045C27D /* Programmatic-UITests.xctest */ = {isa = PBXFileReference; explicitFileType = wrapper.cfbundle; includeInIndex = 0; path = "Programmatic-UITests.xctest"; sourceTree = BUILT_PRODUCTS_DIR; };
		522E4B542BFC5D800045C27D /* Programmatic_UITests.swift */ = {isa = PBXFileReference; lastKnownFileType = sourcecode.swift; path = Programmatic_UITests.swift; sourceTree = "<group>"; };
		522E4B5A2BFC5D800045C27D /* Programmatic-UIUITests.xctest */ = {isa = PBXFileReference; explicitFileType = wrapper.cfbundle; includeInIndex = 0; path = "Programmatic-UIUITests.xctest"; sourceTree = BUILT_PRODUCTS_DIR; };
		522E4B5E2BFC5D800045C27D /* Programmatic_UIUITests.swift */ = {isa = PBXFileReference; lastKnownFileType = sourcecode.swift; path = Programmatic_UIUITests.swift; sourceTree = "<group>"; };
		522E4B602BFC5D800045C27D /* Programmatic_UIUITestsLaunchTests.swift */ = {isa = PBXFileReference; lastKnownFileType = sourcecode.swift; path = Programmatic_UIUITestsLaunchTests.swift; sourceTree = "<group>"; };
/* End PBXFileReference section */

/* Begin PBXFrameworksBuildPhase section */
		522E4B372BFC5D7E0045C27D /* Frameworks */ = {
			isa = PBXFrameworksBuildPhase;
			buildActionMask = 2147483647;
			files = (
			);
			runOnlyForDeploymentPostprocessing = 0;
		};
		522E4B4D2BFC5D800045C27D /* Frameworks */ = {
			isa = PBXFrameworksBuildPhase;
			buildActionMask = 2147483647;
			files = (
			);
			runOnlyForDeploymentPostprocessing = 0;
		};
		522E4B572BFC5D800045C27D /* Frameworks */ = {
			isa = PBXFrameworksBuildPhase;
			buildActionMask = 2147483647;
			files = (
			);
			runOnlyForDeploymentPostprocessing = 0;
		};
/* End PBXFrameworksBuildPhase section */

/* Begin PBXGroup section */
		522E4B312BFC5D7E0045C27D = {
			isa = PBXGroup;
			children = (
				522E4B3C2BFC5D7E0045C27D /* Programmatic-UI */,
				522E4B532BFC5D800045C27D /* Programmatic-UITests */,
				522E4B5D2BFC5D800045C27D /* Programmatic-UIUITests */,
				522E4B3B2BFC5D7E0045C27D /* Products */,
			);
			sourceTree = "<group>";
		};
		522E4B3B2BFC5D7E0045C27D /* Products */ = {
			isa = PBXGroup;
			children = (
				522E4B3A2BFC5D7E0045C27D /* Programmatic-UI.app */,
				522E4B502BFC5D800045C27D /* Programmatic-UITests.xctest */,
				522E4B5A2BFC5D800045C27D /* Programmatic-UIUITests.xctest */,
			);
			name = Products;
			sourceTree = "<group>";
		};
		522E4B3C2BFC5D7E0045C27D /* Programmatic-UI */ = {
			isa = PBXGroup;
			children = (
				522E4B3D2BFC5D7E0045C27D /* AppDelegate.swift */,
				522E4B3F2BFC5D7E0045C27D /* SceneDelegate.swift */,
				522E4B412BFC5D7E0045C27D /* ViewController.swift */,
				522E4B462BFC5D800045C27D /* Assets.xcassets */,
				522E4B482BFC5D800045C27D /* LaunchScreen.storyboard */,
				522E4B4B2BFC5D800045C27D /* Info.plist */,
			);
			path = "Programmatic-UI";
			sourceTree = "<group>";
		};
		522E4B532BFC5D800045C27D /* Programmatic-UITests */ = {
			isa = PBXGroup;
			children = (
				522E4B542BFC5D800045C27D /* Programmatic_UITests.swift */,
			);
			path = "Programmatic-UITests";
			sourceTree = "<group>";
		};
		522E4B5D2BFC5D800045C27D /* Programmatic-UIUITests */ = {
			isa = PBXGroup;
			children = (
				522E4B5E2BFC5D800045C27D /* Programmatic_UIUITests.swift */,
				522E4B602BFC5D800045C27D /* Programmatic_UIUITestsLaunchTests.swift */,
			);
			path = "Programmatic-UIUITests";
			sourceTree = "<group>";
		};
/* End PBXGroup section */

/* Begin PBXNativeTarget section */
		522E4B392BFC5D7E0045C27D /* Programmatic-UI */ = {
			isa = PBXNativeTarget;
			buildConfigurationList = 522E4B642BFC5D800045C27D /* Build configuration list for PBXNativeTarget "Programmatic-UI" */;
			buildPhases = (
				522E4B362BFC5D7E0045C27D /* Sources */,
				522E4B372BFC5D7E0045C27D /* Frameworks */,
				522E4B382BFC5D7E0045C27D /* Resources */,
			);
			buildRules = (
			);
			dependencies = (
			);
			name = "Programmatic-UI";
			productName = "Programmatic-UI";
			productReference = 522E4B3A2BFC5D7E0045C27D /* Programmatic-UI.app */;
			productType = "com.apple.product-type.application";
		};
		522E4B4F2BFC5D800045C27D /* Programmatic-UITests */ = {
			isa = PBXNativeTarget;
			buildConfigurationList = 522E4B672BFC5D800045C27D /* Build configuration list for PBXNativeTarget "Programmatic-UITests" */;
			buildPhases = (
				522E4B4C2BFC5D800045C27D /* Sources */,
				522E4B4D2BFC5D800045C27D /* Frameworks */,
				522E4B4E2BFC5D800045C27D /* Resources */,
			);
			buildRules = (
			);
			dependencies = (
				522E4B522BFC5D800045C27D /* PBXTargetDependency */,
			);
			name = "Programmatic-UITests";
			productName = "Programmatic-UITests";
			productReference = 522E4B502BFC5D800045C27D /* Programmatic-UITests.xctest */;
			productType = "com.apple.product-type.bundle.unit-test";
		};
		522E4B592BFC5D800045C27D /* Programmatic-UIUITests */ = {
			isa = PBXNativeTarget;
			buildConfigurationList = 522E4B6A2BFC5D800045C27D /* Build configuration list for PBXNativeTarget "Programmatic-UIUITests" */;
			buildPhases = (
				522E4B562BFC5D800045C27D /* Sources */,
				522E4B572BFC5D800045C27D /* Frameworks */,
				522E4B582BFC5D800045C27D /* Resources */,
			);
			buildRules = (
			);
			dependencies = (
				522E4B5C2BFC5D800045C27D /* PBXTargetDependency */,
			);
			name = "Programmatic-UIUITests";
			productName = "Programmatic-UIUITests";
			productReference = 522E4B5A2BFC5D800045C27D /* Programmatic-UIUITests.xctest */;
			productType = "com.apple.product-type.bundle.ui-testing";
		};
/* End PBXNativeTarget section */

/* Begin PBXProject section */
		522E4B322BFC5D7E0045C27D /* Project object */ = {
			isa = PBXProject;
			attributes = {
				BuildIndependentTargetsInParallel = 1;
				LastSwiftUpdateCheck = 1420;
				LastUpgradeCheck = 1420;
				TargetAttributes = {
					522E4B392BFC5D7E0045C27D = {
						CreatedOnToolsVersion = 14.2;
					};
					522E4B4F2BFC5D800045C27D = {
						CreatedOnToolsVersion = 14.2;
						TestTargetID = 522E4B392BFC5D7E0045C27D;
					};
					522E4B592BFC5D800045C27D = {
						CreatedOnToolsVersion = 14.2;
						TestTargetID = 522E4B392BFC5D7E0045C27D;
					};
				};
			};
			buildConfigurationList = 522E4B352BFC5D7E0045C27D /* Build configuration list for PBXProject "Programmatic-UI" */;
			compatibilityVersion = "Xcode 14.0";
			developmentRegion = en;
			hasScannedForEncodings = 0;
			knownRegions = (
				en,
				Base,
			);
			mainGroup = 522E4B312BFC5D7E0045C27D;
			productRefGroup = 522E4B3B2BFC5D7E0045C27D /* Products */;
			projectDirPath = "";
			projectRoot = "";
			targets = (
				522E4B392BFC5D7E0045C27D /* Programmatic-UI */,
				522E4B4F2BFC5D800045C27D /* Programmatic-UITests */,
				522E4B592BFC5D800045C27D /* Programmatic-UIUITests */,
			);
		};
/* End PBXProject section */

/* Begin PBXResourcesBuildPhase section */
		522E4B382BFC5D7E0045C27D /* Resources */ = {
			isa = PBXResourcesBuildPhase;
			buildActionMask = 2147483647;
			files = (
				522E4B4A2BFC5D800045C27D /* LaunchScreen.storyboard in Resources */,
				522E4B472BFC5D800045C27D /* Assets.xcassets in Resources */,
			);
			runOnlyForDeploymentPostprocessing = 0;
		};
		522E4B4E2BFC5D800045C27D /* Resources */ = {
			isa = PBXResourcesBuildPhase;
			buildActionMask = 2147483647;
			files = (
			);
			runOnlyForDeploymentPostprocessing = 0;
		};
		522E4B582BFC5D800045C27D /* Resources */ = {
			isa = PBXResourcesBuildPhase;
			buildActionMask = 2147483647;
			files = (
			);
			runOnlyForDeploymentPostprocessing = 0;
		};
/* End PBXResourcesBuildPhase section */

/* Begin PBXSourcesBuildPhase section */
		522E4B362BFC5D7E0045C27D /* Sources */ = {
			isa = PBXSourcesBuildPhase;
			buildActionMask = 2147483647;
			files = (
				522E4B422BFC5D7E0045C27D /* ViewController.swift in Sources */,
				522E4B3E2BFC5D7E0045C27D /* AppDelegate.swift in Sources */,
				522E4B402BFC5D7E0045C27D /* SceneDelegate.swift in Sources */,
			);
			runOnlyForDeploymentPostprocessing = 0;
		};
		522E4B4C2BFC5D800045C27D /* Sources */ = {
			isa = PBXSourcesBuildPhase;
			buildActionMask = 2147483647;
			files = (
				522E4B552BFC5D800045C27D /* Programmatic_UITests.swift in Sources */,
			);
			runOnlyForDeploymentPostprocessing = 0;
		};
		522E4B562BFC5D800045C27D /* Sources */ = {
			isa = PBXSourcesBuildPhase;
			buildActionMask = 2147483647;
			files = (
				522E4B612BFC5D800045C27D /* Programmatic_UIUITestsLaunchTests.swift in Sources */,
				522E4B5F2BFC5D800045C27D /* Programmatic_UIUITests.swift in Sources */,
			);
			runOnlyForDeploymentPostprocessing = 0;
		};
/* End PBXSourcesBuildPhase section */

/* Begin PBXTargetDependency section */
		522E4B522BFC5D800045C27D /* PBXTargetDependency */ = {
			isa = PBXTargetDependency;
			target = 522E4B392BFC5D7E0045C27D /* Programmatic-UI */;
			targetProxy = 522E4B512BFC5D800045C27D /* PBXContainerItemProxy */;
		};
		522E4B5C2BFC5D800045C27D /* PBXTargetDependency */ = {
			isa = PBXTargetDependency;
			target = 522E4B392BFC5D7E0045C27D /* Programmatic-UI */;
			targetProxy = 522E4B5B2BFC5D800045C27D /* PBXContainerItemProxy */;
		};
/* End PBXTargetDependency section */

/* Begin PBXVariantGroup section */
		522E4B482BFC5D800045C27D /* LaunchScreen.storyboard */ = {
			isa = PBXVariantGroup;
			children = (
				522E4B492BFC5D800045C27D /* Base */,
			);
			name = LaunchScreen.storyboard;
			sourceTree = "<group>";
		};
/* End PBXVariantGroup section */

/* Begin XCBuildConfiguration section */
		522E4B622BFC5D800045C27D /* Debug */ = {
			isa = XCBuildConfiguration;
			buildSettings = {
				ALWAYS_SEARCH_USER_PATHS = NO;
				CLANG_ANALYZER_NONNULL = YES;
				CLANG_ANALYZER_NUMBER_OBJECT_CONVERSION = YES_AGGRESSIVE;
				CLANG_CXX_LANGUAGE_STANDARD = "gnu++20";
				CLANG_ENABLE_MODULES = YES;
				CLANG_ENABLE_OBJC_ARC = YES;
				CLANG_ENABLE_OBJC_WEAK = YES;
				CLANG_WARN_BLOCK_CAPTURE_AUTORELEASING = YES;
				CLANG_WARN_BOOL_CONVERSION = YES;
				CLANG_WARN_COMMA = YES;
				CLANG_WARN_CONSTANT_CONVERSION = YES;
				CLANG_WARN_DEPRECATED_OBJC_IMPLEMENTATIONS = YES;
				CLANG_WARN_DIRECT_OBJC_ISA_USAGE = YES_ERROR;
				CLANG_WARN_DOCUMENTATION_COMMENTS = YES;
				CLANG_WARN_EMPTY_BODY = YES;
				CLANG_WARN_ENUM_CONVERSION = YES;
				CLANG_WARN_INFINITE_RECURSION = YES;
				CLANG_WARN_INT_CONVERSION = YES;
				CLANG_WARN_NON_LITERAL_NULL_CONVERSION = YES;
				CLANG_WARN_OBJC_IMPLICIT_RETAIN_SELF = YES;
				CLANG_WARN_OBJC_LITERAL_CONVERSION = YES;
				CLANG_WARN_OBJC_ROOT_CLASS = YES_ERROR;
				CLANG_WARN_QUOTED_INCLUDE_IN_FRAMEWORK_HEADER = YES;
				CLANG_WARN_RANGE_LOOP_ANALYSIS = YES;
				CLANG_WARN_STRICT_PROTOTYPES = YES;
				CLANG_WARN_SUSPICIOUS_MOVE = YES;
				CLANG_WARN_UNGUARDED_AVAILABILITY = YES_AGGRESSIVE;
				CLANG_WARN_UNREACHABLE_CODE = YES;
				CLANG_WARN__DUPLICATE_METHOD_MATCH = YES;
				COPY_PHASE_STRIP = NO;
				DEBUG_INFORMATION_FORMAT = dwarf;
				ENABLE_STRICT_OBJC_MSGSEND = YES;
				ENABLE_TESTABILITY = YES;
				GCC_C_LANGUAGE_STANDARD = gnu11;
				GCC_DYNAMIC_NO_PIC = NO;
				GCC_NO_COMMON_BLOCKS = YES;
				GCC_OPTIMIZATION_LEVEL = 0;
				GCC_PREPROCESSOR_DEFINITIONS = (
					"DEBUG=1",
					"$(inherited)",
				);
				GCC_WARN_64_TO_32_BIT_CONVERSION = YES;
				GCC_WARN_ABOUT_RETURN_TYPE = YES_ERROR;
				GCC_WARN_UNDECLARED_SELECTOR = YES;
				GCC_WARN_UNINITIALIZED_AUTOS = YES_AGGRESSIVE;
				GCC_WARN_UNUSED_FUNCTION = YES;
				GCC_WARN_UNUSED_VARIABLE = YES;
				IPHONEOS_DEPLOYMENT_TARGET = 16.2;
				MTL_ENABLE_DEBUG_INFO = INCLUDE_SOURCE;
				MTL_FAST_MATH = YES;
				ONLY_ACTIVE_ARCH = YES;
				SDKROOT = iphoneos;
				SWIFT_ACTIVE_COMPILATION_CONDITIONS = DEBUG;
				SWIFT_OPTIMIZATION_LEVEL = "-Onone";
			};
			name = Debug;
		};
		522E4B632BFC5D800045C27D /* Release */ = {
			isa = XCBuildConfiguration;
			buildSettings = {
				ALWAYS_SEARCH_USER_PATHS = NO;
				CLANG_ANALYZER_NONNULL = YES;
				CLANG_ANALYZER_NUMBER_OBJECT_CONVERSION = YES_AGGRESSIVE;
				CLANG_CXX_LANGUAGE_STANDARD = "gnu++20";
				CLANG_ENABLE_MODULES = YES;
				CLANG_ENABLE_OBJC_ARC = YES;
				CLANG_ENABLE_OBJC_WEAK = YES;
				CLANG_WARN_BLOCK_CAPTURE_AUTORELEASING = YES;
				CLANG_WARN_BOOL_CONVERSION = YES;
				CLANG_WARN_COMMA = YES;
				CLANG_WARN_CONSTANT_CONVERSION = YES;
				CLANG_WARN_DEPRECATED_OBJC_IMPLEMENTATIONS = YES;
				CLANG_WARN_DIRECT_OBJC_ISA_USAGE = YES_ERROR;
				CLANG_WARN_DOCUMENTATION_COMMENTS = YES;
				CLANG_WARN_EMPTY_BODY = YES;
				CLANG_WARN_ENUM_CONVERSION = YES;
				CLANG_WARN_INFINITE_RECURSION = YES;
				CLANG_WARN_INT_CONVERSION = YES;
				CLANG_WARN_NON_LITERAL_NULL_CONVERSION = YES;
				CLANG_WARN_OBJC_IMPLICIT_RETAIN_SELF = YES;
				CLANG_WARN_OBJC_LITERAL_CONVERSION = YES;
				CLANG_WARN_OBJC_ROOT_CLASS = YES_ERROR;
				CLANG_WARN_QUOTED_INCLUDE_IN_FRAMEWORK_HEADER = YES;
				CLANG_WARN_RANGE_LOOP_ANALYSIS = YES;
				CLANG_WARN_STRICT_PROTOTYPES = YES;
				CLANG_WARN_SUSPICIOUS_MOVE = YES;
				CLANG_WARN_UNGUARDED_AVAILABILITY = YES_AGGRESSIVE;
				CLANG_WARN_UNREACHABLE_CODE = YES;
				CLANG_WARN__DUPLICATE_METHOD_MATCH = YES;
				COPY_PHASE_STRIP = NO;
				DEBUG_INFORMATION_FORMAT = "dwarf-with-dsym";
				ENABLE_NS_ASSERTIONS = NO;
				ENABLE_STRICT_OBJC_MSGSEND = YES;
				GCC_C_LANGUAGE_STANDARD = gnu11;
				GCC_NO_COMMON_BLOCKS = YES;
				GCC_WARN_64_TO_32_BIT_CONVERSION = YES;
				GCC_WARN_ABOUT_RETURN_TYPE = YES_ERROR;
				GCC_WARN_UNDECLARED_SELECTOR = YES;
				GCC_WARN_UNINITIALIZED_AUTOS = YES_AGGRESSIVE;
				GCC_WARN_UNUSED_FUNCTION = YES;
				GCC_WARN_UNUSED_VARIABLE = YES;
				IPHONEOS_DEPLOYMENT_TARGET = 16.2;
				MTL_ENABLE_DEBUG_INFO = NO;
				MTL_FAST_MATH = YES;
				SDKROOT = iphoneos;
				SWIFT_COMPILATION_MODE = wholemodule;
				SWIFT_OPTIMIZATION_LEVEL = "-O";
				VALIDATE_PRODUCT = YES;
			};
			name = Release;
		};
		522E4B652BFC5D800045C27D /* Debug */ = {
			isa = XCBuildConfiguration;
			buildSettings = {
				ASSETCATALOG_COMPILER_APPICON_NAME = AppIcon;
				ASSETCATALOG_COMPILER_GLOBAL_ACCENT_COLOR_NAME = AccentColor;
				CODE_SIGN_STYLE = Automatic;
				CURRENT_PROJECT_VERSION = 1;
				GENERATE_INFOPLIST_FILE = YES;
				INFOPLIST_FILE = "Programmatic-UI/Info.plist";
				INFOPLIST_KEY_UIApplicationSupportsIndirectInputEvents = YES;
				INFOPLIST_KEY_UILaunchStoryboardName = LaunchScreen;
				INFOPLIST_KEY_UISupportedInterfaceOrientations_iPad = "UIInterfaceOrientationPortrait UIInterfaceOrientationPortraitUpsideDown UIInterfaceOrientationLandscapeLeft UIInterfaceOrientationLandscapeRight";
				INFOPLIST_KEY_UISupportedInterfaceOrientations_iPhone = "UIInterfaceOrientationPortrait UIInterfaceOrientationLandscapeLeft UIInterfaceOrientationLandscapeRight";
				LD_RUNPATH_SEARCH_PATHS = (
					"$(inherited)",
					"@executable_path/Frameworks",
				);
				MARKETING_VERSION = 1.0;
				PRODUCT_BUNDLE_IDENTIFIER = "com.fullstackendeavours.Programmatic-UI";
				PRODUCT_NAME = "$(TARGET_NAME)";
				SWIFT_EMIT_LOC_STRINGS = YES;
				SWIFT_VERSION = 5.0;
				TARGETED_DEVICE_FAMILY = "1,2";
			};
			name = Debug;
		};
		522E4B662BFC5D800045C27D /* Release */ = {
			isa = XCBuildConfiguration;
			buildSettings = {
				ASSETCATALOG_COMPILER_APPICON_NAME = AppIcon;
				ASSETCATALOG_COMPILER_GLOBAL_ACCENT_COLOR_NAME = AccentColor;
				CODE_SIGN_STYLE = Automatic;
				CURRENT_PROJECT_VERSION = 1;
				GENERATE_INFOPLIST_FILE = YES;
				INFOPLIST_FILE = "Programmatic-UI/Info.plist";
				INFOPLIST_KEY_UIApplicationSupportsIndirectInputEvents = YES;
				INFOPLIST_KEY_UILaunchStoryboardName = LaunchScreen;
				INFOPLIST_KEY_UISupportedInterfaceOrientations_iPad = "UIInterfaceOrientationPortrait UIInterfaceOrientationPortraitUpsideDown UIInterfaceOrientationLandscapeLeft UIInterfaceOrientationLandscapeRight";
				INFOPLIST_KEY_UISupportedInterfaceOrientations_iPhone = "UIInterfaceOrientationPortrait UIInterfaceOrientationLandscapeLeft UIInterfaceOrientationLandscapeRight";
				LD_RUNPATH_SEARCH_PATHS = (
					"$(inherited)",
					"@executable_path/Frameworks",
				);
				MARKETING_VERSION = 1.0;
				PRODUCT_BUNDLE_IDENTIFIER = "com.fullstackendeavours.Programmatic-UI";
				PRODUCT_NAME = "$(TARGET_NAME)";
				SWIFT_EMIT_LOC_STRINGS = YES;
				SWIFT_VERSION = 5.0;
				TARGETED_DEVICE_FAMILY = "1,2";
			};
			name = Release;
		};
		522E4B682BFC5D800045C27D /* Debug */ = {
			isa = XCBuildConfiguration;
			buildSettings = {
				ALWAYS_EMBED_SWIFT_STANDARD_LIBRARIES = YES;
				BUNDLE_LOADER = "$(TEST_HOST)";
				CODE_SIGN_STYLE = Automatic;
				CURRENT_PROJECT_VERSION = 1;
				GENERATE_INFOPLIST_FILE = YES;
				IPHONEOS_DEPLOYMENT_TARGET = 16.2;
				MARKETING_VERSION = 1.0;
				PRODUCT_BUNDLE_IDENTIFIER = "com.fullstackendeavours.Programmatic-UITests";
				PRODUCT_NAME = "$(TARGET_NAME)";
				SWIFT_EMIT_LOC_STRINGS = NO;
				SWIFT_VERSION = 5.0;
				TARGETED_DEVICE_FAMILY = "1,2";
				TEST_HOST = "$(BUILT_PRODUCTS_DIR)/Programmatic-UI.app/$(BUNDLE_EXECUTABLE_FOLDER_PATH)/Programmatic-UI";
			};
			name = Debug;
		};
		522E4B692BFC5D800045C27D /* Release */ = {
			isa = XCBuildConfiguration;
			buildSettings = {
				ALWAYS_EMBED_SWIFT_STANDARD_LIBRARIES = YES;
				BUNDLE_LOADER = "$(TEST_HOST)";
				CODE_SIGN_STYLE = Automatic;
				CURRENT_PROJECT_VERSION = 1;
				GENERATE_INFOPLIST_FILE = YES;
				IPHONEOS_DEPLOYMENT_TARGET = 16.2;
				MARKETING_VERSION = 1.0;
				PRODUCT_BUNDLE_IDENTIFIER = "com.fullstackendeavours.Programmatic-UITests";
				PRODUCT_NAME = "$(TARGET_NAME)";
				SWIFT_EMIT_LOC_STRINGS = NO;
				SWIFT_VERSION = 5.0;
				TARGETED_DEVICE_FAMILY = "1,2";
				TEST_HOST = "$(BUILT_PRODUCTS_DIR)/Programmatic-UI.app/$(BUNDLE_EXECUTABLE_FOLDER_PATH)/Programmatic-UI";
			};
			name = Release;
		};
		522E4B6B2BFC5D800045C27D /* Debug */ = {
			isa = XCBuildConfiguration;
			buildSettings = {
				ALWAYS_EMBED_SWIFT_STANDARD_LIBRARIES = YES;
				CODE_SIGN_STYLE = Automatic;
				CURRENT_PROJECT_VERSION = 1;
				GENERATE_INFOPLIST_FILE = YES;
				MARKETING_VERSION = 1.0;
				PRODUCT_BUNDLE_IDENTIFIER = "com.fullstackendeavours.Programmatic-UIUITests";
				PRODUCT_NAME = "$(TARGET_NAME)";
				SWIFT_EMIT_LOC_STRINGS = NO;
				SWIFT_VERSION = 5.0;
				TARGETED_DEVICE_FAMILY = "1,2";
				TEST_TARGET_NAME = "Programmatic-UI";
			};
			name = Debug;
		};
		522E4B6C2BFC5D800045C27D /* Release */ = {
			isa = XCBuildConfiguration;
			buildSettings = {
				ALWAYS_EMBED_SWIFT_STANDARD_LIBRARIES = YES;
				CODE_SIGN_STYLE = Automatic;
				CURRENT_PROJECT_VERSION = 1;
				GENERATE_INFOPLIST_FILE = YES;
				MARKETING_VERSION = 1.0;
				PRODUCT_BUNDLE_IDENTIFIER = "com.fullstackendeavours.Programmatic-UIUITests";
				PRODUCT_NAME = "$(TARGET_NAME)";
				SWIFT_EMIT_LOC_STRINGS = NO;
				SWIFT_VERSION = 5.0;
				TARGETED_DEVICE_FAMILY = "1,2";
				TEST_TARGET_NAME = "Programmatic-UI";
			};
			name = Release;
		};
/* End XCBuildConfiguration section */

/* Begin XCConfigurationList section */
		522E4B352BFC5D7E0045C27D /* Build configuration list for PBXProject "Programmatic-UI" */ = {
			isa = XCConfigurationList;
			buildConfigurations = (
				522E4B622BFC5D800045C27D /* Debug */,
				522E4B632BFC5D800045C27D /* Release */,
			);
			defaultConfigurationIsVisible = 0;
			defaultConfigurationName = Release;
		};
		522E4B642BFC5D800045C27D /* Build configuration list for PBXNativeTarget "Programmatic-UI" */ = {
			isa = XCConfigurationList;
			buildConfigurations = (
				522E4B652BFC5D800045C27D /* Debug */,
				522E4B662BFC5D800045C27D /* Release */,
			);
			defaultConfigurationIsVisible = 0;
			defaultConfigurationName = Release;
		};
		522E4B672BFC5D800045C27D /* Build configuration list for PBXNativeTarget "Programmatic-UITests" */ = {
			isa = XCConfigurationList;
			buildConfigurations = (
				522E4B682BFC5D800045C27D /* Debug */,
				522E4B692BFC5D800045C27D /* Release */,
			);
			defaultConfigurationIsVisible = 0;
			defaultConfigurationName = Release;
		};
		522E4B6A2BFC5D800045C27D /* Build configuration list for PBXNativeTarget "Programmatic-UIUITests" */ = {
			isa = XCConfigurationList;
			buildConfigurations = (
				522E4B6B2BFC5D800045C27D /* Debug */,
				522E4B6C2BFC5D800045C27D /* Release */,
			);
			defaultConfigurationIsVisible = 0;
			defaultConfigurationName = Release;
		};
/* End XCConfigurationList section */
	};
	rootObject = 522E4B322BFC5D7E0045C27D /* Project object */;
}
